// !$*UTF8*$!
{
	archiveVersion = 1;
	classes = {
	};
	objectVersion = 46;
	objects = {

/* Begin PBXBuildFile section */
		170DA49F1EE45AE000E4F857 /* AppDelegate.swift in Sources */ = {isa = PBXBuildFile; fileRef = 170DA49E1EE45AE000E4F857 /* AppDelegate.swift */; };
		170DA4A11EE45AE000E4F857 /* DefectReportViewController.swift in Sources */ = {isa = PBXBuildFile; fileRef = 170DA4A01EE45AE000E4F857 /* DefectReportViewController.swift */; };
		170DA4A41EE45AE000E4F857 /* DefectRecord.storyboard in Resources */ = {isa = PBXBuildFile; fileRef = 170DA4A21EE45AE000E4F857 /* DefectRecord.storyboard */; };
		170DA4A61EE45AE000E4F857 /* Assets.xcassets in Resources */ = {isa = PBXBuildFile; fileRef = 170DA4A51EE45AE000E4F857 /* Assets.xcassets */; };
		170DA4A91EE45AE000E4F857 /* LaunchScreen.storyboard in Resources */ = {isa = PBXBuildFile; fileRef = 170DA4A71EE45AE000E4F857 /* LaunchScreen.storyboard */; };
		171B0D7B204AF9D500E86FA4 /* rec-button.png in Resources */ = {isa = PBXBuildFile; fileRef = 171B0D7A204AF9D500E86FA4 /* rec-button.png */; };
		171B0D80204AFA2800E86FA4 /* IQKeyboardManagerSwift.framework in Frameworks */ = {isa = PBXBuildFile; fileRef = 171B0D81204AFA2800E86FA4 /* IQKeyboardManagerSwift.framework */; };
		171B0D83204AFC0800E86FA4 /* filterList.json in Resources */ = {isa = PBXBuildFile; fileRef = 171B0D82204AFC0800E86FA4 /* filterList.json */; };
		171B0D85204AFC3600E86FA4 /* DefectAttributeEntity.swift in Sources */ = {isa = PBXBuildFile; fileRef = 171B0D84204AFC3600E86FA4 /* DefectAttributeEntity.swift */; };
		171B58DE1EEAD8CE00294A00 /* DefectRecordShareInstance.swift in Sources */ = {isa = PBXBuildFile; fileRef = 171B58DD1EEAD8CE00294A00 /* DefectRecordShareInstance.swift */; };
		171B58E41EEB01DF00294A00 /* MotionEvent.swift in Sources */ = {isa = PBXBuildFile; fileRef = 171B58E31EEB01DF00294A00 /* MotionEvent.swift */; };
		1763900C1EED503700A86097 /* RecordTypeViewController.swift in Sources */ = {isa = PBXBuildFile; fileRef = 1763900A1EED503700A86097 /* RecordTypeViewController.swift */; };
		1763900D1EED503700A86097 /* RecordTypeViewController.xib in Resources */ = {isa = PBXBuildFile; fileRef = 1763900B1EED503700A86097 /* RecordTypeViewController.xib */; };
		176390121EF664F600A86097 /* DrawingViewController.swift in Sources */ = {isa = PBXBuildFile; fileRef = 176390101EF664F600A86097 /* DrawingViewController.swift */; };
		176390131EF664F600A86097 /* DrawingViewController.xib in Resources */ = {isa = PBXBuildFile; fileRef = 176390111EF664F600A86097 /* DrawingViewController.xib */; };
		1765BB6A1EF823D9000B4F42 /* HiddenStatusBarViewController.swift in Sources */ = {isa = PBXBuildFile; fileRef = 1765BB691EF823D9000B4F42 /* HiddenStatusBarViewController.swift */; };
		178670481EF8E549004E7685 /* FloatingButtonController.swift in Sources */ = {isa = PBXBuildFile; fileRef = 178670461EF8E549004E7685 /* FloatingButtonController.swift */; };
		178670491EF8E549004E7685 /* FloatingButtonWindow.swift in Sources */ = {isa = PBXBuildFile; fileRef = 178670471EF8E549004E7685 /* FloatingButtonWindow.swift */; };
		17910FD41EF682F6008F1C72 /* DefectAddDetailViewController.swift in Sources */ = {isa = PBXBuildFile; fileRef = 17910FD21EF682F6008F1C72 /* DefectAddDetailViewController.swift */; };
		17910FD51EF682F6008F1C72 /* DefectAddDetailViewController.xib in Resources */ = {isa = PBXBuildFile; fileRef = 17910FD31EF682F6008F1C72 /* DefectAddDetailViewController.xib */; };
		8E03FE602043C79300618A0B /* clear-button@2x.png in Resources */ = {isa = PBXBuildFile; fileRef = 8E03FE492043C78F00618A0B /* clear-button@2x.png */; };
		8E03FE612043C79300618A0B /* edit.png in Resources */ = {isa = PBXBuildFile; fileRef = 8E03FE4A2043C78F00618A0B /* edit.png */; };
		8E03FE622043C79300618A0B /* erase_active@2x.png in Resources */ = {isa = PBXBuildFile; fileRef = 8E03FE4B2043C79000618A0B /* erase_active@2x.png */; };
		8E03FE632043C79300618A0B /* icon_dropdown.png in Resources */ = {isa = PBXBuildFile; fileRef = 8E03FE4C2043C79000618A0B /* icon_dropdown.png */; };
		8E03FE642043C79300618A0B /* draw_active.png in Resources */ = {isa = PBXBuildFile; fileRef = 8E03FE4D2043C79000618A0B /* draw_active.png */; };
		8E03FE652043C79300618A0B /* clear-button.png in Resources */ = {isa = PBXBuildFile; fileRef = 8E03FE4E2043C79000618A0B /* clear-button.png */; };
		8E03FE662043C79300618A0B /* erase@2x.png in Resources */ = {isa = PBXBuildFile; fileRef = 8E03FE4F2043C79000618A0B /* erase@2x.png */; };
		8E03FE672043C79300618A0B /* brush@2x.png in Resources */ = {isa = PBXBuildFile; fileRef = 8E03FE502043C79000618A0B /* brush@2x.png */; };
		8E03FE682043C79300618A0B /* draw_inactive.png in Resources */ = {isa = PBXBuildFile; fileRef = 8E03FE512043C79000618A0B /* draw_inactive.png */; };
		8E03FE692043C79300618A0B /* erase_inactive.png in Resources */ = {isa = PBXBuildFile; fileRef = 8E03FE522043C79100618A0B /* erase_inactive.png */; };
		8E03FE6A2043C79300618A0B /* eraser.png in Resources */ = {isa = PBXBuildFile; fileRef = 8E03FE532043C79100618A0B /* eraser.png */; };
		8E03FE6B2043C79300618A0B /* draw_inactive@2x.png in Resources */ = {isa = PBXBuildFile; fileRef = 8E03FE542043C79100618A0B /* draw_inactive@2x.png */; };
		8E03FE6C2043C79300618A0B /* refresh.png in Resources */ = {isa = PBXBuildFile; fileRef = 8E03FE552043C79100618A0B /* refresh.png */; };
		8E03FE6D2043C79300618A0B /* draw_active@2x.png in Resources */ = {isa = PBXBuildFile; fileRef = 8E03FE562043C79100618A0B /* draw_active@2x.png */; };
		8E03FE6E2043C79300618A0B /* erase_inactive@2x.png in Resources */ = {isa = PBXBuildFile; fileRef = 8E03FE572043C79200618A0B /* erase_inactive@2x.png */; };
		8E03FE6F2043C79300618A0B /* edit@2x.png in Resources */ = {isa = PBXBuildFile; fileRef = 8E03FE582043C79200618A0B /* edit@2x.png */; };
		8E03FE702043C79300618A0B /* brush.png in Resources */ = {isa = PBXBuildFile; fileRef = 8E03FE592043C79200618A0B /* brush.png */; };
		8E03FE712043C79300618A0B /* done-button.png in Resources */ = {isa = PBXBuildFile; fileRef = 8E03FE5A2043C79200618A0B /* done-button.png */; };
		8E03FE722043C79300618A0B /* check-mark.png in Resources */ = {isa = PBXBuildFile; fileRef = 8E03FE5B2043C79200618A0B /* check-mark.png */; };
		8E03FE732043C79300618A0B /* MagCover59.jpg in Resources */ = {isa = PBXBuildFile; fileRef = 8E03FE5C2043C79200618A0B /* MagCover59.jpg */; };
		8E03FE742043C79300618A0B /* refresh@2x.png in Resources */ = {isa = PBXBuildFile; fileRef = 8E03FE5D2043C79300618A0B /* refresh@2x.png */; };
		8E03FE752043C79300618A0B /* erase_active.png in Resources */ = {isa = PBXBuildFile; fileRef = 8E03FE5E2043C79300618A0B /* erase_active.png */; };
		8E03FE762043C79300618A0B /* done-button@2x.png in Resources */ = {isa = PBXBuildFile; fileRef = 8E03FE5F2043C79300618A0B /* done-button@2x.png */; };
		8FD2848F1F0E2AE3007EEBD6 /* ASScreenRecorder.m in Sources */ = {isa = PBXBuildFile; fileRef = 8FD2848E1F0E2AE3007EEBD6 /* ASScreenRecorder.m */; };
		DBC5C382C079ACE94B4A736B /* Pods_DefectRecording.framework in Frameworks */ = {isa = PBXBuildFile; fileRef = 8E7FEA2D3A237551B255B471 /* Pods_DefectRecording.framework */; };
/* End PBXBuildFile section */

/* Begin PBXFileReference section */
		170DA49B1EE45AE000E4F857 /* DefectRecording.app */ = {isa = PBXFileReference; explicitFileType = wrapper.application; includeInIndex = 0; path = DefectRecording.app; sourceTree = BUILT_PRODUCTS_DIR; };
		170DA49E1EE45AE000E4F857 /* AppDelegate.swift */ = {isa = PBXFileReference; lastKnownFileType = sourcecode.swift; path = AppDelegate.swift; sourceTree = "<group>"; };
		170DA4A01EE45AE000E4F857 /* DefectReportViewController.swift */ = {isa = PBXFileReference; lastKnownFileType = sourcecode.swift; path = DefectReportViewController.swift; sourceTree = "<group>"; };
		170DA4A31EE45AE000E4F857 /* Base */ = {isa = PBXFileReference; lastKnownFileType = file.storyboard; name = Base; path = Base.lproj/DefectRecord.storyboard; sourceTree = "<group>"; };
		170DA4A51EE45AE000E4F857 /* Assets.xcassets */ = {isa = PBXFileReference; lastKnownFileType = folder.assetcatalog; path = Assets.xcassets; sourceTree = "<group>"; };
		170DA4A81EE45AE000E4F857 /* Base */ = {isa = PBXFileReference; lastKnownFileType = file.storyboard; name = Base; path = Base.lproj/LaunchScreen.storyboard; sourceTree = "<group>"; };
		170DA4AA1EE45AE000E4F857 /* Info.plist */ = {isa = PBXFileReference; lastKnownFileType = text.plist.xml; path = Info.plist; sourceTree = "<group>"; };
		171B0D7A204AF9D500E86FA4 /* rec-button.png */ = {isa = PBXFileReference; lastKnownFileType = image.png; name = "rec-button.png"; path = "Assets.xcassets/rec-button.imageset/rec-button.png"; sourceTree = "<group>"; };
		171B0D7C204AF9F900E86FA4 /* IQKeyboardManagerSwift.framework */ = {isa = PBXFileReference; explicitFileType = wrapper.framework; path = IQKeyboardManagerSwift.framework; sourceTree = BUILT_PRODUCTS_DIR; };
		171B0D81204AFA2800E86FA4 /* IQKeyboardManagerSwift.framework */ = {isa = PBXFileReference; explicitFileType = wrapper.framework; path = IQKeyboardManagerSwift.framework; sourceTree = BUILT_PRODUCTS_DIR; };
		171B0D82204AFC0800E86FA4 /* filterList.json */ = {isa = PBXFileReference; fileEncoding = 4; lastKnownFileType = text.json; path = filterList.json; sourceTree = "<group>"; };
		171B0D84204AFC3600E86FA4 /* DefectAttributeEntity.swift */ = {isa = PBXFileReference; fileEncoding = 4; lastKnownFileType = sourcecode.swift; path = DefectAttributeEntity.swift; sourceTree = "<group>"; };
		171B58DD1EEAD8CE00294A00 /* DefectRecordShareInstance.swift */ = {isa = PBXFileReference; fileEncoding = 4; lastKnownFileType = sourcecode.swift; path = DefectRecordShareInstance.swift; sourceTree = "<group>"; };
		171B58E31EEB01DF00294A00 /* MotionEvent.swift */ = {isa = PBXFileReference; fileEncoding = 4; lastKnownFileType = sourcecode.swift; path = MotionEvent.swift; sourceTree = "<group>"; };
		1763900A1EED503700A86097 /* RecordTypeViewController.swift */ = {isa = PBXFileReference; fileEncoding = 4; lastKnownFileType = sourcecode.swift; path = RecordTypeViewController.swift; sourceTree = "<group>"; };
		1763900B1EED503700A86097 /* RecordTypeViewController.xib */ = {isa = PBXFileReference; fileEncoding = 4; lastKnownFileType = file.xib; path = RecordTypeViewController.xib; sourceTree = "<group>"; };
		176390101EF664F600A86097 /* DrawingViewController.swift */ = {isa = PBXFileReference; fileEncoding = 4; lastKnownFileType = sourcecode.swift; path = DrawingViewController.swift; sourceTree = "<group>"; };
		176390111EF664F600A86097 /* DrawingViewController.xib */ = {isa = PBXFileReference; fileEncoding = 4; lastKnownFileType = file.xib; path = DrawingViewController.xib; sourceTree = "<group>"; };
		1765BB691EF823D9000B4F42 /* HiddenStatusBarViewController.swift */ = {isa = PBXFileReference; fileEncoding = 4; lastKnownFileType = sourcecode.swift; path = HiddenStatusBarViewController.swift; sourceTree = "<group>"; };
		178670461EF8E549004E7685 /* FloatingButtonController.swift */ = {isa = PBXFileReference; fileEncoding = 4; lastKnownFileType = sourcecode.swift; path = FloatingButtonController.swift; sourceTree = "<group>"; };
		178670471EF8E549004E7685 /* FloatingButtonWindow.swift */ = {isa = PBXFileReference; fileEncoding = 4; lastKnownFileType = sourcecode.swift; path = FloatingButtonWindow.swift; sourceTree = "<group>"; };
		17910FD21EF682F6008F1C72 /* DefectAddDetailViewController.swift */ = {isa = PBXFileReference; fileEncoding = 4; lastKnownFileType = sourcecode.swift; path = DefectAddDetailViewController.swift; sourceTree = "<group>"; };
		17910FD31EF682F6008F1C72 /* DefectAddDetailViewController.xib */ = {isa = PBXFileReference; fileEncoding = 4; lastKnownFileType = file.xib; path = DefectAddDetailViewController.xib; sourceTree = "<group>"; };
		32857AD3B69EE898330CF4BC /* Pods-DefectRecording.release.xcconfig */ = {isa = PBXFileReference; includeInIndex = 1; lastKnownFileType = text.xcconfig; name = "Pods-DefectRecording.release.xcconfig"; path = "Pods/Target Support Files/Pods-DefectRecording/Pods-DefectRecording.release.xcconfig"; sourceTree = "<group>"; };
		8E03FE492043C78F00618A0B /* clear-button@2x.png */ = {isa = PBXFileReference; lastKnownFileType = image.png; path = "clear-button@2x.png"; sourceTree = "<group>"; };
		8E03FE4A2043C78F00618A0B /* edit.png */ = {isa = PBXFileReference; lastKnownFileType = image.png; path = edit.png; sourceTree = "<group>"; };
		8E03FE4B2043C79000618A0B /* erase_active@2x.png */ = {isa = PBXFileReference; lastKnownFileType = image.png; path = "erase_active@2x.png"; sourceTree = "<group>"; };
		8E03FE4C2043C79000618A0B /* icon_dropdown.png */ = {isa = PBXFileReference; lastKnownFileType = image.png; path = icon_dropdown.png; sourceTree = "<group>"; };
		8E03FE4D2043C79000618A0B /* draw_active.png */ = {isa = PBXFileReference; lastKnownFileType = image.png; path = draw_active.png; sourceTree = "<group>"; };
		8E03FE4E2043C79000618A0B /* clear-button.png */ = {isa = PBXFileReference; lastKnownFileType = image.png; path = "clear-button.png"; sourceTree = "<group>"; };
		8E03FE4F2043C79000618A0B /* erase@2x.png */ = {isa = PBXFileReference; lastKnownFileType = image.png; path = "erase@2x.png"; sourceTree = "<group>"; };
		8E03FE502043C79000618A0B /* brush@2x.png */ = {isa = PBXFileReference; lastKnownFileType = image.png; path = "brush@2x.png"; sourceTree = "<group>"; };
		8E03FE512043C79000618A0B /* draw_inactive.png */ = {isa = PBXFileReference; lastKnownFileType = image.png; path = draw_inactive.png; sourceTree = "<group>"; };
		8E03FE522043C79100618A0B /* erase_inactive.png */ = {isa = PBXFileReference; lastKnownFileType = image.png; path = erase_inactive.png; sourceTree = "<group>"; };
		8E03FE532043C79100618A0B /* eraser.png */ = {isa = PBXFileReference; lastKnownFileType = image.png; path = eraser.png; sourceTree = "<group>"; };
		8E03FE542043C79100618A0B /* draw_inactive@2x.png */ = {isa = PBXFileReference; lastKnownFileType = image.png; path = "draw_inactive@2x.png"; sourceTree = "<group>"; };
		8E03FE552043C79100618A0B /* refresh.png */ = {isa = PBXFileReference; lastKnownFileType = image.png; path = refresh.png; sourceTree = "<group>"; };
		8E03FE562043C79100618A0B /* draw_active@2x.png */ = {isa = PBXFileReference; lastKnownFileType = image.png; path = "draw_active@2x.png"; sourceTree = "<group>"; };
		8E03FE572043C79200618A0B /* erase_inactive@2x.png */ = {isa = PBXFileReference; lastKnownFileType = image.png; path = "erase_inactive@2x.png"; sourceTree = "<group>"; };
		8E03FE582043C79200618A0B /* edit@2x.png */ = {isa = PBXFileReference; lastKnownFileType = image.png; path = "edit@2x.png"; sourceTree = "<group>"; };
		8E03FE592043C79200618A0B /* brush.png */ = {isa = PBXFileReference; lastKnownFileType = image.png; path = brush.png; sourceTree = "<group>"; };
		8E03FE5A2043C79200618A0B /* done-button.png */ = {isa = PBXFileReference; lastKnownFileType = image.png; path = "done-button.png"; sourceTree = "<group>"; };
		8E03FE5B2043C79200618A0B /* check-mark.png */ = {isa = PBXFileReference; lastKnownFileType = image.png; path = "check-mark.png"; sourceTree = "<group>"; };
		8E03FE5C2043C79200618A0B /* MagCover59.jpg */ = {isa = PBXFileReference; lastKnownFileType = image.jpeg; path = MagCover59.jpg; sourceTree = "<group>"; };
		8E03FE5D2043C79300618A0B /* refresh@2x.png */ = {isa = PBXFileReference; lastKnownFileType = image.png; path = "refresh@2x.png"; sourceTree = "<group>"; };
		8E03FE5E2043C79300618A0B /* erase_active.png */ = {isa = PBXFileReference; lastKnownFileType = image.png; path = erase_active.png; sourceTree = "<group>"; };
		8E03FE5F2043C79300618A0B /* done-button@2x.png */ = {isa = PBXFileReference; lastKnownFileType = image.png; path = "done-button@2x.png"; sourceTree = "<group>"; };
		8E7FEA2D3A237551B255B471 /* Pods_DefectRecording.framework */ = {isa = PBXFileReference; explicitFileType = wrapper.framework; includeInIndex = 0; path = Pods_DefectRecording.framework; sourceTree = BUILT_PRODUCTS_DIR; };
		8FD2848C1F0E2AE3007EEBD6 /* DefectRecording-Bridging-Header.h */ = {isa = PBXFileReference; lastKnownFileType = sourcecode.c.h; path = "DefectRecording-Bridging-Header.h"; sourceTree = "<group>"; };
		8FD2848D1F0E2AE3007EEBD6 /* ASScreenRecorder.h */ = {isa = PBXFileReference; fileEncoding = 4; lastKnownFileType = sourcecode.c.h; path = ASScreenRecorder.h; sourceTree = "<group>"; };
		8FD2848E1F0E2AE3007EEBD6 /* ASScreenRecorder.m */ = {isa = PBXFileReference; fileEncoding = 4; lastKnownFileType = sourcecode.c.objc; path = ASScreenRecorder.m; sourceTree = "<group>"; };
		A39A755CB76A814B416EE5EA /* Pods-DefectRecording.debug.xcconfig */ = {isa = PBXFileReference; includeInIndex = 1; lastKnownFileType = text.xcconfig; name = "Pods-DefectRecording.debug.xcconfig"; path = "Pods/Target Support Files/Pods-DefectRecording/Pods-DefectRecording.debug.xcconfig"; sourceTree = "<group>"; };
/* End PBXFileReference section */

/* Begin PBXFrameworksBuildPhase section */
		170DA4981EE45AE000E4F857 /* Frameworks */ = {
			isa = PBXFrameworksBuildPhase;
			buildActionMask = 2147483647;
			files = (
				171B0D80204AFA2800E86FA4 /* IQKeyboardManagerSwift.framework in Frameworks */,
				DBC5C382C079ACE94B4A736B /* Pods_DefectRecording.framework in Frameworks */,
			);
			runOnlyForDeploymentPostprocessing = 0;
		};
/* End PBXFrameworksBuildPhase section */

/* Begin PBXGroup section */
		170DA4921EE45AE000E4F857 = {
			isa = PBXGroup;
			children = (
				171B0D7C204AF9F900E86FA4 /* IQKeyboardManagerSwift.framework */,
				170DA49D1EE45AE000E4F857 /* DefectRecording */,
				170DA49C1EE45AE000E4F857 /* Products */,
				58A7BFC2724BCF9299A49E51 /* Pods */,
				88F48DB890A307880708CF9A /* Frameworks */,
			);
			sourceTree = "<group>";
		};
		170DA49C1EE45AE000E4F857 /* Products */ = {
			isa = PBXGroup;
			children = (
				170DA49B1EE45AE000E4F857 /* DefectRecording.app */,
			);
			name = Products;
			sourceTree = "<group>";
		};
		170DA49D1EE45AE000E4F857 /* DefectRecording */ = {
			isa = PBXGroup;
			children = (
				171B0D84204AFC3600E86FA4 /* DefectAttributeEntity.swift */,
				171B0D82204AFC0800E86FA4 /* filterList.json */,
				171B0D7A204AF9D500E86FA4 /* rec-button.png */,
				8E03FE592043C79200618A0B /* brush.png */,
				8E03FE502043C79000618A0B /* brush@2x.png */,
				8E03FE5B2043C79200618A0B /* check-mark.png */,
				8E03FE4E2043C79000618A0B /* clear-button.png */,
				8E03FE492043C78F00618A0B /* clear-button@2x.png */,
				8E03FE5A2043C79200618A0B /* done-button.png */,
				8E03FE5F2043C79300618A0B /* done-button@2x.png */,
				8E03FE4D2043C79000618A0B /* draw_active.png */,
				8E03FE562043C79100618A0B /* draw_active@2x.png */,
				8E03FE512043C79000618A0B /* draw_inactive.png */,
				8E03FE542043C79100618A0B /* draw_inactive@2x.png */,
				8E03FE4A2043C78F00618A0B /* edit.png */,
				8E03FE582043C79200618A0B /* edit@2x.png */,
				8E03FE5E2043C79300618A0B /* erase_active.png */,
				8E03FE4B2043C79000618A0B /* erase_active@2x.png */,
				8E03FE522043C79100618A0B /* erase_inactive.png */,
				8E03FE572043C79200618A0B /* erase_inactive@2x.png */,
				8E03FE4F2043C79000618A0B /* erase@2x.png */,
				8E03FE532043C79100618A0B /* eraser.png */,
				8E03FE4C2043C79000618A0B /* icon_dropdown.png */,
				8E03FE5C2043C79200618A0B /* MagCover59.jpg */,
				8E03FE552043C79100618A0B /* refresh.png */,
				8E03FE5D2043C79300618A0B /* refresh@2x.png */,
				8FD2848D1F0E2AE3007EEBD6 /* ASScreenRecorder.h */,
				8FD2848E1F0E2AE3007EEBD6 /* ASScreenRecorder.m */,
				170DA49E1EE45AE000E4F857 /* AppDelegate.swift */,
				170DA4A01EE45AE000E4F857 /* DefectReportViewController.swift */,
				170DA4A21EE45AE000E4F857 /* DefectRecord.storyboard */,
				170DA4A51EE45AE000E4F857 /* Assets.xcassets */,
				170DA4A71EE45AE000E4F857 /* LaunchScreen.storyboard */,
				170DA4AA1EE45AE000E4F857 /* Info.plist */,
				171B58DD1EEAD8CE00294A00 /* DefectRecordShareInstance.swift */,
				171B58E31EEB01DF00294A00 /* MotionEvent.swift */,
				1763900A1EED503700A86097 /* RecordTypeViewController.swift */,
				1763900B1EED503700A86097 /* RecordTypeViewController.xib */,
				176390101EF664F600A86097 /* DrawingViewController.swift */,
				176390111EF664F600A86097 /* DrawingViewController.xib */,
				17910FD21EF682F6008F1C72 /* DefectAddDetailViewController.swift */,
				17910FD31EF682F6008F1C72 /* DefectAddDetailViewController.xib */,
				1765BB691EF823D9000B4F42 /* HiddenStatusBarViewController.swift */,
				178670461EF8E549004E7685 /* FloatingButtonController.swift */,
				178670471EF8E549004E7685 /* FloatingButtonWindow.swift */,
				8FD2848C1F0E2AE3007EEBD6 /* DefectRecording-Bridging-Header.h */,
			);
			path = DefectRecording;
			sourceTree = "<group>";
		};
		58A7BFC2724BCF9299A49E51 /* Pods */ = {
			isa = PBXGroup;
			children = (
				A39A755CB76A814B416EE5EA /* Pods-DefectRecording.debug.xcconfig */,
				32857AD3B69EE898330CF4BC /* Pods-DefectRecording.release.xcconfig */,
			);
			name = Pods;
			sourceTree = "<group>";
		};
		88F48DB890A307880708CF9A /* Frameworks */ = {
			isa = PBXGroup;
			children = (
				171B0D81204AFA2800E86FA4 /* IQKeyboardManagerSwift.framework */,
				8E7FEA2D3A237551B255B471 /* Pods_DefectRecording.framework */,
			);
			name = Frameworks;
			sourceTree = "<group>";
		};
/* End PBXGroup section */

/* Begin PBXNativeTarget section */
		170DA49A1EE45AE000E4F857 /* DefectRecording */ = {
			isa = PBXNativeTarget;
			buildConfigurationList = 170DA4AD1EE45AE000E4F857 /* Build configuration list for PBXNativeTarget "DefectRecording" */;
			buildPhases = (
				3AEFB2AFF0EB968DADB69A83 /* [CP] Check Pods Manifest.lock */,
				170DA4971EE45AE000E4F857 /* Sources */,
				170DA4981EE45AE000E4F857 /* Frameworks */,
				170DA4991EE45AE000E4F857 /* Resources */,
				A4C4BA2E5E2E07863FF032F5 /* [CP] Embed Pods Frameworks */,
				05E761BE9B008237CFB230F8 /* [CP] Copy Pods Resources */,
			);
			buildRules = (
			);
			dependencies = (
			);
			name = DefectRecording;
			productName = DefectRecording;
			productReference = 170DA49B1EE45AE000E4F857 /* DefectRecording.app */;
			productType = "com.apple.product-type.application";
		};
/* End PBXNativeTarget section */

/* Begin PBXProject section */
		170DA4931EE45AE000E4F857 /* Project object */ = {
			isa = PBXProject;
			attributes = {
				LastSwiftUpdateCheck = 0830;
				LastUpgradeCheck = 0830;
				ORGANIZATIONNAME = "Namthip Silsuwan";
				TargetAttributes = {
					170DA49A1EE45AE000E4F857 = {
						CreatedOnToolsVersion = 8.3.2;
						DevelopmentTeam = M6F53MQES3;
						LastSwiftMigration = 0830;
						ProvisioningStyle = Automatic;
					};
				};
			};
			buildConfigurationList = 170DA4961EE45AE000E4F857 /* Build configuration list for PBXProject "DefectRecording" */;
			compatibilityVersion = "Xcode 3.2";
			developmentRegion = English;
			hasScannedForEncodings = 0;
			knownRegions = (
				en,
				Base,
			);
			mainGroup = 170DA4921EE45AE000E4F857;
			productRefGroup = 170DA49C1EE45AE000E4F857 /* Products */;
			projectDirPath = "";
			projectRoot = "";
			targets = (
				170DA49A1EE45AE000E4F857 /* DefectRecording */,
			);
		};
/* End PBXProject section */

/* Begin PBXResourcesBuildPhase section */
		170DA4991EE45AE000E4F857 /* Resources */ = {
			isa = PBXResourcesBuildPhase;
			buildActionMask = 2147483647;
			files = (
				170DA4A91EE45AE000E4F857 /* LaunchScreen.storyboard in Resources */,
				8E03FE732043C79300618A0B /* MagCover59.jpg in Resources */,
				8E03FE712043C79300618A0B /* done-button.png in Resources */,
				8E03FE6C2043C79300618A0B /* refresh.png in Resources */,
				8E03FE612043C79300618A0B /* edit.png in Resources */,
				8E03FE6E2043C79300618A0B /* erase_inactive@2x.png in Resources */,
				8E03FE6F2043C79300618A0B /* edit@2x.png in Resources */,
				176390131EF664F600A86097 /* DrawingViewController.xib in Resources */,
				8E03FE652043C79300618A0B /* clear-button.png in Resources */,
				171B0D83204AFC0800E86FA4 /* filterList.json in Resources */,
				1763900D1EED503700A86097 /* RecordTypeViewController.xib in Resources */,
				17910FD51EF682F6008F1C72 /* DefectAddDetailViewController.xib in Resources */,
				8E03FE632043C79300618A0B /* icon_dropdown.png in Resources */,
				8E03FE692043C79300618A0B /* erase_inactive.png in Resources */,
				8E03FE682043C79300618A0B /* draw_inactive.png in Resources */,
				8E03FE6A2043C79300618A0B /* eraser.png in Resources */,
				8E03FE622043C79300618A0B /* erase_active@2x.png in Resources */,
				170DA4A61EE45AE000E4F857 /* Assets.xcassets in Resources */,
				8E03FE642043C79300618A0B /* draw_active.png in Resources */,
				8E03FE752043C79300618A0B /* erase_active.png in Resources */,
				8E03FE662043C79300618A0B /* erase@2x.png in Resources */,
				8E03FE702043C79300618A0B /* brush.png in Resources */,
				8E03FE672043C79300618A0B /* brush@2x.png in Resources */,
				8E03FE6D2043C79300618A0B /* draw_active@2x.png in Resources */,
				8E03FE742043C79300618A0B /* refresh@2x.png in Resources */,
				8E03FE762043C79300618A0B /* done-button@2x.png in Resources */,
				8E03FE6B2043C79300618A0B /* draw_inactive@2x.png in Resources */,
				170DA4A41EE45AE000E4F857 /* DefectRecord.storyboard in Resources */,
				8E03FE602043C79300618A0B /* clear-button@2x.png in Resources */,
				171B0D7B204AF9D500E86FA4 /* rec-button.png in Resources */,
				8E03FE722043C79300618A0B /* check-mark.png in Resources */,
			);
			runOnlyForDeploymentPostprocessing = 0;
		};
/* End PBXResourcesBuildPhase section */

/* Begin PBXShellScriptBuildPhase section */
		05E761BE9B008237CFB230F8 /* [CP] Copy Pods Resources */ = {
			isa = PBXShellScriptBuildPhase;
			buildActionMask = 2147483647;
			files = (
			);
			inputPaths = (
			);
			name = "[CP] Copy Pods Resources";
			outputPaths = (
			);
			runOnlyForDeploymentPostprocessing = 0;
			shellPath = /bin/sh;
			shellScript = "\"${SRCROOT}/Pods/Target Support Files/Pods-DefectRecording/Pods-DefectRecording-resources.sh\"\n";
			showEnvVarsInLog = 0;
		};
		3AEFB2AFF0EB968DADB69A83 /* [CP] Check Pods Manifest.lock */ = {
			isa = PBXShellScriptBuildPhase;
			buildActionMask = 2147483647;
			files = (
			);
			inputPaths = (
				"${PODS_PODFILE_DIR_PATH}/Podfile.lock",
				"${PODS_ROOT}/Manifest.lock",
			);
			name = "[CP] Check Pods Manifest.lock";
			outputPaths = (
				"$(DERIVED_FILE_DIR)/Pods-DefectRecording-checkManifestLockResult.txt",
			);
			runOnlyForDeploymentPostprocessing = 0;
			shellPath = /bin/sh;
			shellScript = "diff \"${PODS_PODFILE_DIR_PATH}/Podfile.lock\" \"${PODS_ROOT}/Manifest.lock\" > /dev/null\nif [ $? != 0 ] ; then\n    # print error to STDERR\n    echo \"error: The sandbox is not in sync with the Podfile.lock. Run 'pod install' or update your CocoaPods installation.\" >&2\n    exit 1\nfi\n# This output is used by Xcode 'outputs' to avoid re-running this script phase.\necho \"SUCCESS\" > \"${SCRIPT_OUTPUT_FILE_0}\"\n";
			showEnvVarsInLog = 0;
		};
		A4C4BA2E5E2E07863FF032F5 /* [CP] Embed Pods Frameworks */ = {
			isa = PBXShellScriptBuildPhase;
			buildActionMask = 2147483647;
			files = (
			);
			inputPaths = (
				"${SRCROOT}/Pods/Target Support Files/Pods-DefectRecording/Pods-DefectRecording-frameworks.sh",
				"${BUILT_PRODUCTS_DIR}/IQKeyboardManagerSwift/IQKeyboardManagerSwift.framework",
				"${BUILT_PRODUCTS_DIR}/ObjectMapper/ObjectMapper.framework",
			);
			name = "[CP] Embed Pods Frameworks";
			outputPaths = (
				"${TARGET_BUILD_DIR}/${FRAMEWORKS_FOLDER_PATH}/IQKeyboardManagerSwift.framework",
				"${TARGET_BUILD_DIR}/${FRAMEWORKS_FOLDER_PATH}/ObjectMapper.framework",
			);
			runOnlyForDeploymentPostprocessing = 0;
			shellPath = /bin/sh;
			shellScript = "\"${SRCROOT}/Pods/Target Support Files/Pods-DefectRecording/Pods-DefectRecording-frameworks.sh\"\n";
			showEnvVarsInLog = 0;
		};
/* End PBXShellScriptBuildPhase section */

/* Begin PBXSourcesBuildPhase section */
		170DA4971EE45AE000E4F857 /* Sources */ = {
			isa = PBXSourcesBuildPhase;
			buildActionMask = 2147483647;
			files = (
				17910FD41EF682F6008F1C72 /* DefectAddDetailViewController.swift in Sources */,
				171B58E41EEB01DF00294A00 /* MotionEvent.swift in Sources */,
				171B0D85204AFC3600E86FA4 /* DefectAttributeEntity.swift in Sources */,
				178670491EF8E549004E7685 /* FloatingButtonWindow.swift in Sources */,
				8FD2848F1F0E2AE3007EEBD6 /* ASScreenRecorder.m in Sources */,
				178670481EF8E549004E7685 /* FloatingButtonController.swift in Sources */,
				176390121EF664F600A86097 /* DrawingViewController.swift in Sources */,
				1763900C1EED503700A86097 /* RecordTypeViewController.swift in Sources */,
				171B58DE1EEAD8CE00294A00 /* DefectRecordShareInstance.swift in Sources */,
				170DA4A11EE45AE000E4F857 /* DefectReportViewController.swift in Sources */,
				1765BB6A1EF823D9000B4F42 /* HiddenStatusBarViewController.swift in Sources */,
				170DA49F1EE45AE000E4F857 /* AppDelegate.swift in Sources */,
			);
			runOnlyForDeploymentPostprocessing = 0;
		};
/* End PBXSourcesBuildPhase section */

/* Begin PBXVariantGroup section */
		170DA4A21EE45AE000E4F857 /* DefectRecord.storyboard */ = {
			isa = PBXVariantGroup;
			children = (
				170DA4A31EE45AE000E4F857 /* Base */,
			);
			name = DefectRecord.storyboard;
			sourceTree = "<group>";
		};
		170DA4A71EE45AE000E4F857 /* LaunchScreen.storyboard */ = {
			isa = PBXVariantGroup;
			children = (
				170DA4A81EE45AE000E4F857 /* Base */,
			);
			name = LaunchScreen.storyboard;
			sourceTree = "<group>";
		};
/* End PBXVariantGroup section */

/* Begin XCBuildConfiguration section */
		170DA4AB1EE45AE000E4F857 /* Debug */ = {
			isa = XCBuildConfiguration;
			buildSettings = {
				ALWAYS_SEARCH_USER_PATHS = NO;
				CLANG_ANALYZER_NONNULL = YES;
				CLANG_ANALYZER_NUMBER_OBJECT_CONVERSION = YES_AGGRESSIVE;
				CLANG_CXX_LANGUAGE_STANDARD = "gnu++0x";
				CLANG_CXX_LIBRARY = "libc++";
				CLANG_ENABLE_MODULES = YES;
				CLANG_ENABLE_OBJC_ARC = YES;
				CLANG_WARN_BOOL_CONVERSION = YES;
				CLANG_WARN_CONSTANT_CONVERSION = YES;
				CLANG_WARN_DIRECT_OBJC_ISA_USAGE = YES_ERROR;
				CLANG_WARN_DOCUMENTATION_COMMENTS = YES;
				CLANG_WARN_EMPTY_BODY = YES;
				CLANG_WARN_ENUM_CONVERSION = YES;
				CLANG_WARN_INFINITE_RECURSION = YES;
				CLANG_WARN_INT_CONVERSION = YES;
				CLANG_WARN_OBJC_ROOT_CLASS = YES_ERROR;
				CLANG_WARN_SUSPICIOUS_MOVE = YES;
				CLANG_WARN_UNREACHABLE_CODE = YES;
				CLANG_WARN__DUPLICATE_METHOD_MATCH = YES;
				"CODE_SIGN_IDENTITY[sdk=iphoneos*]" = "iPhone Developer";
				COPY_PHASE_STRIP = NO;
				DEBUG_INFORMATION_FORMAT = dwarf;
				ENABLE_STRICT_OBJC_MSGSEND = YES;
				ENABLE_TESTABILITY = YES;
				GCC_C_LANGUAGE_STANDARD = gnu99;
				GCC_DYNAMIC_NO_PIC = NO;
				GCC_NO_COMMON_BLOCKS = YES;
				GCC_OPTIMIZATION_LEVEL = 0;
				GCC_PREPROCESSOR_DEFINITIONS = (
					"DEBUG=1",
					"$(inherited)",
				);
				GCC_WARN_64_TO_32_BIT_CONVERSION = YES;
				GCC_WARN_ABOUT_RETURN_TYPE = YES_ERROR;
				GCC_WARN_UNDECLARED_SELECTOR = YES;
				GCC_WARN_UNINITIALIZED_AUTOS = YES_AGGRESSIVE;
				GCC_WARN_UNUSED_FUNCTION = YES;
				GCC_WARN_UNUSED_VARIABLE = YES;
				IPHONEOS_DEPLOYMENT_TARGET = 10.3;
				MTL_ENABLE_DEBUG_INFO = YES;
				ONLY_ACTIVE_ARCH = YES;
				SDKROOT = iphoneos;
				SWIFT_ACTIVE_COMPILATION_CONDITIONS = DEBUG;
				SWIFT_OPTIMIZATION_LEVEL = "-Onone";
			};
			name = Debug;
		};
		170DA4AC1EE45AE000E4F857 /* Release */ = {
			isa = XCBuildConfiguration;
			buildSettings = {
				ALWAYS_SEARCH_USER_PATHS = NO;
				CLANG_ANALYZER_NONNULL = YES;
				CLANG_ANALYZER_NUMBER_OBJECT_CONVERSION = YES_AGGRESSIVE;
				CLANG_CXX_LANGUAGE_STANDARD = "gnu++0x";
				CLANG_CXX_LIBRARY = "libc++";
				CLANG_ENABLE_MODULES = YES;
				CLANG_ENABLE_OBJC_ARC = YES;
				CLANG_WARN_BOOL_CONVERSION = YES;
				CLANG_WARN_CONSTANT_CONVERSION = YES;
				CLANG_WARN_DIRECT_OBJC_ISA_USAGE = YES_ERROR;
				CLANG_WARN_DOCUMENTATION_COMMENTS = YES;
				CLANG_WARN_EMPTY_BODY = YES;
				CLANG_WARN_ENUM_CONVERSION = YES;
				CLANG_WARN_INFINITE_RECURSION = YES;
				CLANG_WARN_INT_CONVERSION = YES;
				CLANG_WARN_OBJC_ROOT_CLASS = YES_ERROR;
				CLANG_WARN_SUSPICIOUS_MOVE = YES;
				CLANG_WARN_UNREACHABLE_CODE = YES;
				CLANG_WARN__DUPLICATE_METHOD_MATCH = YES;
				"CODE_SIGN_IDENTITY[sdk=iphoneos*]" = "iPhone Developer";
				COPY_PHASE_STRIP = NO;
				DEBUG_INFORMATION_FORMAT = "dwarf-with-dsym";
				ENABLE_NS_ASSERTIONS = NO;
				ENABLE_STRICT_OBJC_MSGSEND = YES;
				GCC_C_LANGUAGE_STANDARD = gnu99;
				GCC_NO_COMMON_BLOCKS = YES;
				GCC_WARN_64_TO_32_BIT_CONVERSION = YES;
				GCC_WARN_ABOUT_RETURN_TYPE = YES_ERROR;
				GCC_WARN_UNDECLARED_SELECTOR = YES;
				GCC_WARN_UNINITIALIZED_AUTOS = YES_AGGRESSIVE;
				GCC_WARN_UNUSED_FUNCTION = YES;
				GCC_WARN_UNUSED_VARIABLE = YES;
				IPHONEOS_DEPLOYMENT_TARGET = 10.3;
				MTL_ENABLE_DEBUG_INFO = NO;
				SDKROOT = iphoneos;
				SWIFT_OPTIMIZATION_LEVEL = "-Owholemodule";
				VALIDATE_PRODUCT = YES;
			};
			name = Release;
		};
		170DA4AE1EE45AE000E4F857 /* Debug */ = {
			isa = XCBuildConfiguration;
			baseConfigurationReference = A39A755CB76A814B416EE5EA /* Pods-DefectRecording.debug.xcconfig */;
			buildSettings = {
				ASSETCATALOG_COMPILER_APPICON_NAME = AppIcon;
				CLANG_ENABLE_MODULES = YES;
				DEVELOPMENT_TEAM = M6F53MQES3;
				INFOPLIST_FILE = DefectRecording/Info.plist;
				LD_RUNPATH_SEARCH_PATHS = "$(inherited) @executable_path/Frameworks";
				PRODUCT_BUNDLE_IDENTIFIER = Namthip.DefectRecording;
				PRODUCT_NAME = "$(TARGET_NAME)";
				SWIFT_OBJC_BRIDGING_HEADER = "DefectRecording/DefectRecording-Bridging-Header.h";
				SWIFT_OPTIMIZATION_LEVEL = "-Onone";
				SWIFT_VERSION = 3.0;
			};
			name = Debug;
		};
		170DA4AF1EE45AE000E4F857 /* Release */ = {
			isa = XCBuildConfiguration;
			baseConfigurationReference = 32857AD3B69EE898330CF4BC /* Pods-DefectRecording.release.xcconfig */;
			buildSettings = {
				ASSETCATALOG_COMPILER_APPICON_NAME = AppIcon;
				CLANG_ENABLE_MODULES = YES;
				DEVELOPMENT_TEAM = M6F53MQES3;
				INFOPLIST_FILE = DefectRecording/Info.plist;
				LD_RUNPATH_SEARCH_PATHS = "$(inherited) @executable_path/Frameworks";
				PRODUCT_BUNDLE_IDENTIFIER = Namthip.DefectRecording;
				PRODUCT_NAME = "$(TARGET_NAME)";
				SWIFT_OBJC_BRIDGING_HEADER = "DefectRecording/DefectRecording-Bridging-Header.h";
				SWIFT_VERSION = 3.0;
			};
			name = Release;
		};
/* End XCBuildConfiguration section */

/* Begin XCConfigurationList section */
		170DA4961EE45AE000E4F857 /* Build configuration list for PBXProject "DefectRecording" */ = {
			isa = XCConfigurationList;
			buildConfigurations = (
				170DA4AB1EE45AE000E4F857 /* Debug */,
				170DA4AC1EE45AE000E4F857 /* Release */,
			);
			defaultConfigurationIsVisible = 0;
			defaultConfigurationName = Release;
		};
		170DA4AD1EE45AE000E4F857 /* Build configuration list for PBXNativeTarget "DefectRecording" */ = {
			isa = XCConfigurationList;
			buildConfigurations = (
				170DA4AE1EE45AE000E4F857 /* Debug */,
				170DA4AF1EE45AE000E4F857 /* Release */,
			);
			defaultConfigurationIsVisible = 0;
			defaultConfigurationName = Release;
		};
/* End XCConfigurationList section */
	};
	rootObject = 170DA4931EE45AE000E4F857 /* Project object */;
}
